# This file is automatically @generated by Cargo.
# It is not intended for manual editing.
version = 4

[[package]]
name = "Sudoku-solveur"
version = "0.1.0"
dependencies = [
 "grid",
 "log",
]

[[package]]
name = "grid"
version = "1.0.0"
source = "registry+https://github.com/rust-lang/crates.io-index"
checksum = "f9e2d4c0a8296178d8802098410ca05d86b17a10bb5ab559b3fb404c1f948220"

[[package]]
name = "log"
version = "0.4.29"
source = "registry+https://github.com/rust-lang/crates.io-index"
checksum = "5e5032e24019045c762d3c0f28f5b6b8bbf38563a65908389bf7978758920897"
